
Microsoft Visual Studio Solution File, Format Version 12.00
# Visual Studio 15
VisualStudioVersion = 15.0.28010.2003
MinimumVisualStudioVersion = 10.0.40219.1
Project("{FAE04EC0-301F-11D3-BF4B-00C04F79EFBC}") = "logisk", "logisk\logisk.csproj", "{28174ACC-BF3B-4A2A-A83B-71E055FBFCDC}"
EndProject
Global
	GlobalSection(SolutionConfigurationPlatforms) = preSolution
		Debug|Any CPU = Debug|Any CPU
		Release|Any CPU = Release|Any CPU
	EndGlobalSection
	GlobalSection(ProjectConfigurationPlatforms) = postSolution
		{28174ACC-BF3B-4A2A-A83B-71E055FBFCDC}.Debug|Any CPU.ActiveCfg = Debug|Any CPU
		{28174ACC-BF3B-4A2A-A83B-71E055FBFCDC}.Debug|Any CPU.Build.0 = Debug|Any CPU
		{28174ACC-BF3B-4A2A-A83B-71E055FBFCDC}.Release|Any CPU.ActiveCfg = Release|Any CPU
		{28174ACC-BF3B-4A2A-A83B-71E055FBFCDC}.Release|Any CPU.Build.0 = Release|Any CPU
	EndGlobalSection
	GlobalSection(SolutionProperties) = preSolution
		HideSolutionNode = FALSE
	EndGlobalSection
	GlobalSection(ExtensibilityGlobals) = postSolution
		SolutionGuid = {9A1799AE-9AE4-40E0-9BCC-7AC50754C1E1}
	EndGlobalSection
EndGlobal
