
Microsoft Visual Studio Solution File, Format Version 12.00
# Visual Studio 15
VisualStudioVersion = 15.0.28010.2003
MinimumVisualStudioVersion = 10.0.40219.1
Project("{FAE04EC0-301F-11D3-BF4B-00C04F79EFBC}") = "Multi Array opgave", "Multi Array opgave\Multi Array opgave.csproj", "{A0705DC0-CAB9-4627-9ACE-A5AD414BC448}"
EndProject
Global
	GlobalSection(SolutionConfigurationPlatforms) = preSolution
		Debug|Any CPU = Debug|Any CPU
		Release|Any CPU = Release|Any CPU
	EndGlobalSection
	GlobalSection(ProjectConfigurationPlatforms) = postSolution
		{A0705DC0-CAB9-4627-9ACE-A5AD414BC448}.Debug|Any CPU.ActiveCfg = Debug|Any CPU
		{A0705DC0-CAB9-4627-9ACE-A5AD414BC448}.Debug|Any CPU.Build.0 = Debug|Any CPU
		{A0705DC0-CAB9-4627-9ACE-A5AD414BC448}.Release|Any CPU.ActiveCfg = Release|Any CPU
		{A0705DC0-CAB9-4627-9ACE-A5AD414BC448}.Release|Any CPU.Build.0 = Release|Any CPU
	EndGlobalSection
	GlobalSection(SolutionProperties) = preSolution
		HideSolutionNode = FALSE
	EndGlobalSection
	GlobalSection(ExtensibilityGlobals) = postSolution
		SolutionGuid = {8C610F4C-AC67-4EF6-AE3A-66CD2C9E946E}
	EndGlobalSection
EndGlobal
